// !$*UTF8*$!
{
	archiveVersion = 1;
	classes = {
	};
	objectVersion = 56;
	objects = {

/* Begin PBXBuildFile section */
		D0B26EC82E36316900AA56B8 /* AzykBoxApp.swift in Sources */ = {isa = PBXBuildFile; fileRef = D0B26EC72E36316900AA56B8 /* AzykBoxApp.swift */; };
		D0B26ECA2E36316900AA56B8 /* ContentView.swift in Sources */ = {isa = PBXBuildFile; fileRef = D0B26EC92E36316900AA56B8 /* ContentView.swift */; };
		D0B26ECC2E36316B00AA56B8 /* Assets.xcassets in Resources */ = {isa = PBXBuildFile; fileRef = D0B26ECB2E36316B00AA56B8 /* Assets.xcassets */; };
		D0B26ECF2E36316B00AA56B8 /* Preview Assets.xcassets in Resources */ = {isa = PBXBuildFile; fileRef = D0B26ECE2E36316B00AA56B8 /* Preview Assets.xcassets */; };
		D0B26ED72E3632C700AA56B8 /* RestaurantViews.swift in Sources */ = {isa = PBXBuildFile; fileRef = D0B26ED62E3632C700AA56B8 /* RestaurantViews.swift */; };
		D0B26EDA2E3633D100AA56B8 /* FoodViewCell.swift in Sources */ = {isa = PBXBuildFile; fileRef = D0B26ED92E3633D100AA56B8 /* FoodViewCell.swift */; };
		D0B26EDD2E37DBD100AA56B8 /* HomeView.swift in Sources */ = {isa = PBXBuildFile; fileRef = D0B26EDC2E37DBD100AA56B8 /* HomeView.swift */; };
		D0B26EE02E37DC5500AA56B8 /* ParameterView.swift in Sources */ = {isa = PBXBuildFile; fileRef = D0B26EDF2E37DC5500AA56B8 /* ParameterView.swift */; };
		D0B26EE22E37DE3D00AA56B8 /* MenuCollection.swift in Sources */ = {isa = PBXBuildFile; fileRef = D0B26EE12E37DE3D00AA56B8 /* MenuCollection.swift */; };
		D0B26EE62E390A8100AA56B8 /* FavoriteView.swift in Sources */ = {isa = PBXBuildFile; fileRef = D0B26EE52E390A8100AA56B8 /* FavoriteView.swift */; };
		D0B26EE92E390CD300AA56B8 /* ProfileView.swift in Sources */ = {isa = PBXBuildFile; fileRef = D0B26EE82E390CD300AA56B8 /* ProfileView.swift */; };
		D0B26EEE2E4008A000AA56B8 /* FiltredOption.swift in Sources */ = {isa = PBXBuildFile; fileRef = D0B26EED2E4008A000AA56B8 /* FiltredOption.swift */; };
		D0B26EF02E4151D800AA56B8 /* RestaurantDetailView.swift in Sources */ = {isa = PBXBuildFile; fileRef = D0B26EEF2E4151D800AA56B8 /* RestaurantDetailView.swift */; };
/* End PBXBuildFile section */

/* Begin PBXFileReference section */
		D0B26EC42E36316900AA56B8 /* AzykBox.app */ = {isa = PBXFileReference; explicitFileType = wrapper.application; includeInIndex = 0; path = AzykBox.app; sourceTree = BUILT_PRODUCTS_DIR; };
		D0B26EC72E36316900AA56B8 /* AzykBoxApp.swift */ = {isa = PBXFileReference; lastKnownFileType = sourcecode.swift; path = AzykBoxApp.swift; sourceTree = "<group>"; };
		D0B26EC92E36316900AA56B8 /* ContentView.swift */ = {isa = PBXFileReference; lastKnownFileType = sourcecode.swift; path = ContentView.swift; sourceTree = "<group>"; };
		D0B26ECB2E36316B00AA56B8 /* Assets.xcassets */ = {isa = PBXFileReference; lastKnownFileType = folder.assetcatalog; path = Assets.xcassets; sourceTree = "<group>"; };
		D0B26ECE2E36316B00AA56B8 /* Preview Assets.xcassets */ = {isa = PBXFileReference; lastKnownFileType = folder.assetcatalog; path = "Preview Assets.xcassets"; sourceTree = "<group>"; };
		D0B26ED62E3632C700AA56B8 /* RestaurantViews.swift */ = {isa = PBXFileReference; lastKnownFileType = sourcecode.swift; path = RestaurantViews.swift; sourceTree = "<group>"; };
		D0B26ED92E3633D100AA56B8 /* FoodViewCell.swift */ = {isa = PBXFileReference; lastKnownFileType = sourcecode.swift; path = FoodViewCell.swift; sourceTree = "<group>"; };
		D0B26EDC2E37DBD100AA56B8 /* HomeView.swift */ = {isa = PBXFileReference; lastKnownFileType = sourcecode.swift; path = HomeView.swift; sourceTree = "<group>"; };
		D0B26EDF2E37DC5500AA56B8 /* ParameterView.swift */ = {isa = PBXFileReference; lastKnownFileType = sourcecode.swift; path = ParameterView.swift; sourceTree = "<group>"; };
		D0B26EE12E37DE3D00AA56B8 /* MenuCollection.swift */ = {isa = PBXFileReference; lastKnownFileType = sourcecode.swift; path = MenuCollection.swift; sourceTree = "<group>"; };
		D0B26EE52E390A8100AA56B8 /* FavoriteView.swift */ = {isa = PBXFileReference; lastKnownFileType = sourcecode.swift; path = FavoriteView.swift; sourceTree = "<group>"; };
		D0B26EE82E390CD300AA56B8 /* ProfileView.swift */ = {isa = PBXFileReference; lastKnownFileType = sourcecode.swift; path = ProfileView.swift; sourceTree = "<group>"; };
		D0B26EED2E4008A000AA56B8 /* FiltredOption.swift */ = {isa = PBXFileReference; lastKnownFileType = sourcecode.swift; path = FiltredOption.swift; sourceTree = "<group>"; };
		D0B26EEF2E4151D800AA56B8 /* RestaurantDetailView.swift */ = {isa = PBXFileReference; lastKnownFileType = sourcecode.swift; path = RestaurantDetailView.swift; sourceTree = "<group>"; };
/* End PBXFileReference section */

/* Begin PBXFrameworksBuildPhase section */
		D0B26EC12E36316900AA56B8 /* Frameworks */ = {
			isa = PBXFrameworksBuildPhase;
			buildActionMask = 2147483647;
			files = (
			);
			runOnlyForDeploymentPostprocessing = 0;
		};
/* End PBXFrameworksBuildPhase section */

/* Begin PBXGroup section */
		D0B26EBB2E36316900AA56B8 = {
			isa = PBXGroup;
			children = (
				D0B26EC62E36316900AA56B8 /* AzykBox */,
				D0B26EC52E36316900AA56B8 /* Products */,
			);
			sourceTree = "<group>";
		};
		D0B26EC52E36316900AA56B8 /* Products */ = {
			isa = PBXGroup;
			children = (
				D0B26EC42E36316900AA56B8 /* AzykBox.app */,
			);
			name = Products;
			sourceTree = "<group>";
		};
		D0B26EC62E36316900AA56B8 /* AzykBox */ = {
			isa = PBXGroup;
			children = (
				D0B26ED52E3632B500AA56B8 /* View */,
				D0B26EC72E36316900AA56B8 /* AzykBoxApp.swift */,
				D0B26EC92E36316900AA56B8 /* ContentView.swift */,
				D0B26ECB2E36316B00AA56B8 /* Assets.xcassets */,
				D0B26ECD2E36316B00AA56B8 /* Preview Content */,
			);
			path = AzykBox;
			sourceTree = "<group>";
		};
		D0B26ECD2E36316B00AA56B8 /* Preview Content */ = {
			isa = PBXGroup;
			children = (
				D0B26ECE2E36316B00AA56B8 /* Preview Assets.xcassets */,
			);
			path = "Preview Content";
			sourceTree = "<group>";
		};
		D0B26ED52E3632B500AA56B8 /* View */ = {
			isa = PBXGroup;
			children = (
				D0B26EEC2E40088000AA56B8 /* FiltredOptionView */,
				D0B26EE72E390CCC00AA56B8 /* ProfileView */,
				D0B26EE42E390A6D00AA56B8 /* MenuView */,
				D0B26EE32E390A5D00AA56B8 /* FavoritesView */,
				D0B26EDE2E37DC4900AA56B8 /* ParameterView */,
				D0B26EDB2E37DB9800AA56B8 /* CustomView */,
				D0B26ED82E3633B600AA56B8 /* Home */,
				D0B26EEF2E4151D800AA56B8 /* RestaurantDetailView.swift */,
			);
			path = View;
			sourceTree = "<group>";
		};
		D0B26ED82E3633B600AA56B8 /* Home */ = {
			isa = PBXGroup;
			children = (
				D0B26EDC2E37DBD100AA56B8 /* HomeView.swift */,
			);
			path = Home;
			sourceTree = "<group>";
		};
		D0B26EDB2E37DB9800AA56B8 /* CustomView */ = {
			isa = PBXGroup;
			children = (
				D0B26ED92E3633D100AA56B8 /* FoodViewCell.swift */,
				D0B26ED62E3632C700AA56B8 /* RestaurantViews.swift */,
			);
			path = CustomView;
			sourceTree = "<group>";
		};
		D0B26EDE2E37DC4900AA56B8 /* ParameterView */ = {
			isa = PBXGroup;
			children = (
				D0B26EDF2E37DC5500AA56B8 /* ParameterView.swift */,
			);
			path = ParameterView;
			sourceTree = "<group>";
		};
		D0B26EE32E390A5D00AA56B8 /* FavoritesView */ = {
			isa = PBXGroup;
			children = (
				D0B26EE52E390A8100AA56B8 /* FavoriteView.swift */,
			);
			path = FavoritesView;
			sourceTree = "<group>";
		};
		D0B26EE42E390A6D00AA56B8 /* MenuView */ = {
			isa = PBXGroup;
			children = (
				D0B26EE12E37DE3D00AA56B8 /* MenuCollection.swift */,
			);
			path = MenuView;
			sourceTree = "<group>";
		};
		D0B26EE72E390CCC00AA56B8 /* ProfileView */ = {
			isa = PBXGroup;
			children = (
				D0B26EE82E390CD300AA56B8 /* ProfileView.swift */,
			);
			path = ProfileView;
			sourceTree = "<group>";
		};
		D0B26EEC2E40088000AA56B8 /* FiltredOptionView */ = {
			isa = PBXGroup;
			children = (
				D0B26EED2E4008A000AA56B8 /* FiltredOption.swift */,
			);
			path = FiltredOptionView;
			sourceTree = "<group>";
		};
/* End PBXGroup section */

/* Begin PBXNativeTarget section */
		D0B26EC32E36316900AA56B8 /* AzykBox */ = {
			isa = PBXNativeTarget;
			buildConfigurationList = D0B26ED22E36316B00AA56B8 /* Build configuration list for PBXNativeTarget "AzykBox" */;
			buildPhases = (
				D0B26EC02E36316900AA56B8 /* Sources */,
				D0B26EC12E36316900AA56B8 /* Frameworks */,
				D0B26EC22E36316900AA56B8 /* Resources */,
			);
			buildRules = (
			);
			dependencies = (
			);
			name = AzykBox;
			productName = AzykBox;
			productReference = D0B26EC42E36316900AA56B8 /* AzykBox.app */;
			productType = "com.apple.product-type.application";
		};
/* End PBXNativeTarget section */

/* Begin PBXProject section */
		D0B26EBC2E36316900AA56B8 /* Project object */ = {
			isa = PBXProject;
			attributes = {
				BuildIndependentTargetsInParallel = 1;
				LastSwiftUpdateCheck = 1520;
				LastUpgradeCheck = 1520;
				TargetAttributes = {
					D0B26EC32E36316900AA56B8 = {
						CreatedOnToolsVersion = 15.2;
					};
				};
			};
			buildConfigurationList = D0B26EBF2E36316900AA56B8 /* Build configuration list for PBXProject "AzykBox" */;
			compatibilityVersion = "Xcode 14.0";
			developmentRegion = en;
			hasScannedForEncodings = 0;
			knownRegions = (
				en,
				Base,
			);
			mainGroup = D0B26EBB2E36316900AA56B8;
			productRefGroup = D0B26EC52E36316900AA56B8 /* Products */;
			projectDirPath = "";
			projectRoot = "";
			targets = (
				D0B26EC32E36316900AA56B8 /* AzykBox */,
			);
		};
/* End PBXProject section */

/* Begin PBXResourcesBuildPhase section */
		D0B26EC22E36316900AA56B8 /* Resources */ = {
			isa = PBXResourcesBuildPhase;
			buildActionMask = 2147483647;
			files = (
				D0B26ECF2E36316B00AA56B8 /* Preview Assets.xcassets in Resources */,
				D0B26ECC2E36316B00AA56B8 /* Assets.xcassets in Resources */,
			);
			runOnlyForDeploymentPostprocessing = 0;
		};
/* End PBXResourcesBuildPhase section */

/* Begin PBXSourcesBuildPhase section */
		D0B26EC02E36316900AA56B8 /* Sources */ = {
			isa = PBXSourcesBuildPhase;
			buildActionMask = 2147483647;
			files = (
				D0B26EE62E390A8100AA56B8 /* FavoriteView.swift in Sources */,
				D0B26EE92E390CD300AA56B8 /* ProfileView.swift in Sources */,
				D0B26EE22E37DE3D00AA56B8 /* MenuCollection.swift in Sources */,
				D0B26EDA2E3633D100AA56B8 /* FoodViewCell.swift in Sources */,
				D0B26ED72E3632C700AA56B8 /* RestaurantViews.swift in Sources */,
				D0B26EEE2E4008A000AA56B8 /* FiltredOption.swift in Sources */,
				D0B26ECA2E36316900AA56B8 /* ContentView.swift in Sources */,
				D0B26EDD2E37DBD100AA56B8 /* HomeView.swift in Sources */,
				D0B26EF02E4151D800AA56B8 /* RestaurantDetailView.swift in Sources */,
				D0B26EE02E37DC5500AA56B8 /* ParameterView.swift in Sources */,
				D0B26EC82E36316900AA56B8 /* AzykBoxApp.swift in Sources */,
			);
			runOnlyForDeploymentPostprocessing = 0;
		};
/* End PBXSourcesBuildPhase section */

/* Begin XCBuildConfiguration section */
		D0B26ED02E36316B00AA56B8 /* Debug */ = {
			isa = XCBuildConfiguration;
			buildSettings = {
				ALWAYS_SEARCH_USER_PATHS = NO;
				ASSETCATALOG_COMPILER_GENERATE_SWIFT_ASSET_SYMBOL_EXTENSIONS = YES;
				CLANG_ANALYZER_NONNULL = YES;
				CLANG_ANALYZER_NUMBER_OBJECT_CONVERSION = YES_AGGRESSIVE;
				CLANG_CXX_LANGUAGE_STANDARD = "gnu++20";
				CLANG_ENABLE_MODULES = YES;
				CLANG_ENABLE_OBJC_ARC = YES;
				CLANG_ENABLE_OBJC_WEAK = YES;
				CLANG_WARN_BLOCK_CAPTURE_AUTORELEASING = YES;
				CLANG_WARN_BOOL_CONVERSION = YES;
				CLANG_WARN_COMMA = YES;
				CLANG_WARN_CONSTANT_CONVERSION = YES;
				CLANG_WARN_DEPRECATED_OBJC_IMPLEMENTATIONS = YES;
				CLANG_WARN_DIRECT_OBJC_ISA_USAGE = YES_ERROR;
				CLANG_WARN_DOCUMENTATION_COMMENTS = YES;
				CLANG_WARN_EMPTY_BODY = YES;
				CLANG_WARN_ENUM_CONVERSION = YES;
				CLANG_WARN_INFINITE_RECURSION = YES;
				CLANG_WARN_INT_CONVERSION = YES;
				CLANG_WARN_NON_LITERAL_NULL_CONVERSION = YES;
				CLANG_WARN_OBJC_IMPLICIT_RETAIN_SELF = YES;
				CLANG_WARN_OBJC_LITERAL_CONVERSION = YES;
				CLANG_WARN_OBJC_ROOT_CLASS = YES_ERROR;
				CLANG_WARN_QUOTED_INCLUDE_IN_FRAMEWORK_HEADER = YES;
				CLANG_WARN_RANGE_LOOP_ANALYSIS = YES;
				CLANG_WARN_STRICT_PROTOTYPES = YES;
				CLANG_WARN_SUSPICIOUS_MOVE = YES;
				CLANG_WARN_UNGUARDED_AVAILABILITY = YES_AGGRESSIVE;
				CLANG_WARN_UNREACHABLE_CODE = YES;
				CLANG_WARN__DUPLICATE_METHOD_MATCH = YES;
				COPY_PHASE_STRIP = NO;
				DEBUG_INFORMATION_FORMAT = dwarf;
				ENABLE_STRICT_OBJC_MSGSEND = YES;
				ENABLE_TESTABILITY = YES;
				ENABLE_USER_SCRIPT_SANDBOXING = YES;
				GCC_C_LANGUAGE_STANDARD = gnu17;
				GCC_DYNAMIC_NO_PIC = NO;
				GCC_NO_COMMON_BLOCKS = YES;
				GCC_OPTIMIZATION_LEVEL = 0;
				GCC_PREPROCESSOR_DEFINITIONS = (
					"DEBUG=1",
					"$(inherited)",
				);
				GCC_WARN_64_TO_32_BIT_CONVERSION = YES;
				GCC_WARN_ABOUT_RETURN_TYPE = YES_ERROR;
				GCC_WARN_UNDECLARED_SELECTOR = YES;
				GCC_WARN_UNINITIALIZED_AUTOS = YES_AGGRESSIVE;
				GCC_WARN_UNUSED_FUNCTION = YES;
				GCC_WARN_UNUSED_VARIABLE = YES;
				IPHONEOS_DEPLOYMENT_TARGET = 17.2;
				LOCALIZATION_PREFERS_STRING_CATALOGS = YES;
				MTL_ENABLE_DEBUG_INFO = INCLUDE_SOURCE;
				MTL_FAST_MATH = YES;
				ONLY_ACTIVE_ARCH = YES;
				SDKROOT = iphoneos;
				SWIFT_ACTIVE_COMPILATION_CONDITIONS = "DEBUG $(inherited)";
				SWIFT_OPTIMIZATION_LEVEL = "-Onone";
			};
			name = Debug;
		};
		D0B26ED12E36316B00AA56B8 /* Release */ = {
			isa = XCBuildConfiguration;
			buildSettings = {
				ALWAYS_SEARCH_USER_PATHS = NO;
				ASSETCATALOG_COMPILER_GENERATE_SWIFT_ASSET_SYMBOL_EXTENSIONS = YES;
				CLANG_ANALYZER_NONNULL = YES;
				CLANG_ANALYZER_NUMBER_OBJECT_CONVERSION = YES_AGGRESSIVE;
				CLANG_CXX_LANGUAGE_STANDARD = "gnu++20";
				CLANG_ENABLE_MODULES = YES;
				CLANG_ENABLE_OBJC_ARC = YES;
				CLANG_ENABLE_OBJC_WEAK = YES;
				CLANG_WARN_BLOCK_CAPTURE_AUTORELEASING = YES;
				CLANG_WARN_BOOL_CONVERSION = YES;
				CLANG_WARN_COMMA = YES;
				CLANG_WARN_CONSTANT_CONVERSION = YES;
				CLANG_WARN_DEPRECATED_OBJC_IMPLEMENTATIONS = YES;
				CLANG_WARN_DIRECT_OBJC_ISA_USAGE = YES_ERROR;
				CLANG_WARN_DOCUMENTATION_COMMENTS = YES;
				CLANG_WARN_EMPTY_BODY = YES;
				CLANG_WARN_ENUM_CONVERSION = YES;
				CLANG_WARN_INFINITE_RECURSION = YES;
				CLANG_WARN_INT_CONVERSION = YES;
				CLANG_WARN_NON_LITERAL_NULL_CONVERSION = YES;
				CLANG_WARN_OBJC_IMPLICIT_RETAIN_SELF = YES;
				CLANG_WARN_OBJC_LITERAL_CONVERSION = YES;
				CLANG_WARN_OBJC_ROOT_CLASS = YES_ERROR;
				CLANG_WARN_QUOTED_INCLUDE_IN_FRAMEWORK_HEADER = YES;
				CLANG_WARN_RANGE_LOOP_ANALYSIS = YES;
				CLANG_WARN_STRICT_PROTOTYPES = YES;
				CLANG_WARN_SUSPICIOUS_MOVE = YES;
				CLANG_WARN_UNGUARDED_AVAILABILITY = YES_AGGRESSIVE;
				CLANG_WARN_UNREACHABLE_CODE = YES;
				CLANG_WARN__DUPLICATE_METHOD_MATCH = YES;
				COPY_PHASE_STRIP = NO;
				DEBUG_INFORMATION_FORMAT = "dwarf-with-dsym";
				ENABLE_NS_ASSERTIONS = NO;
				ENABLE_STRICT_OBJC_MSGSEND = YES;
				ENABLE_USER_SCRIPT_SANDBOXING = YES;
				GCC_C_LANGUAGE_STANDARD = gnu17;
				GCC_NO_COMMON_BLOCKS = YES;
				GCC_WARN_64_TO_32_BIT_CONVERSION = YES;
				GCC_WARN_ABOUT_RETURN_TYPE = YES_ERROR;
				GCC_WARN_UNDECLARED_SELECTOR = YES;
				GCC_WARN_UNINITIALIZED_AUTOS = YES_AGGRESSIVE;
				GCC_WARN_UNUSED_FUNCTION = YES;
				GCC_WARN_UNUSED_VARIABLE = YES;
				IPHONEOS_DEPLOYMENT_TARGET = 17.2;
				LOCALIZATION_PREFERS_STRING_CATALOGS = YES;
				MTL_ENABLE_DEBUG_INFO = NO;
				MTL_FAST_MATH = YES;
				SDKROOT = iphoneos;
				SWIFT_COMPILATION_MODE = wholemodule;
				VALIDATE_PRODUCT = YES;
			};
			name = Release;
		};
		D0B26ED32E36316B00AA56B8 /* Debug */ = {
			isa = XCBuildConfiguration;
			buildSettings = {
				ASSETCATALOG_COMPILER_APPICON_NAME = AppIcon;
				ASSETCATALOG_COMPILER_GLOBAL_ACCENT_COLOR_NAME = AccentColor;
				CODE_SIGN_STYLE = Automatic;
				CURRENT_PROJECT_VERSION = 1;
				DEVELOPMENT_ASSET_PATHS = "\"AzykBox/Preview Content\"";
				DEVELOPMENT_TEAM = K8M5FXDJPU;
				ENABLE_PREVIEWS = YES;
				GENERATE_INFOPLIST_FILE = YES;
				INFOPLIST_KEY_UIApplicationSceneManifest_Generation = YES;
				INFOPLIST_KEY_UIApplicationSupportsIndirectInputEvents = YES;
				INFOPLIST_KEY_UILaunchScreen_Generation = YES;
				INFOPLIST_KEY_UISupportedInterfaceOrientations_iPad = "UIInterfaceOrientationPortrait UIInterfaceOrientationPortraitUpsideDown UIInterfaceOrientationLandscapeLeft UIInterfaceOrientationLandscapeRight";
				INFOPLIST_KEY_UISupportedInterfaceOrientations_iPhone = "UIInterfaceOrientationPortrait UIInterfaceOrientationLandscapeLeft UIInterfaceOrientationLandscapeRight";
				LD_RUNPATH_SEARCH_PATHS = (
					"$(inherited)",
					"@executable_path/Frameworks",
				);
				MARKETING_VERSION = 1.0;
				PRODUCT_BUNDLE_IDENTIFIER = pet.AzykBox;
				PRODUCT_NAME = "$(TARGET_NAME)";
				SWIFT_EMIT_LOC_STRINGS = YES;
				SWIFT_VERSION = 5.0;
				TARGETED_DEVICE_FAMILY = "1,2";
			};
			name = Debug;
		};
		D0B26ED42E36316B00AA56B8 /* Release */ = {
			isa = XCBuildConfiguration;
			buildSettings = {
				ASSETCATALOG_COMPILER_APPICON_NAME = AppIcon;
				ASSETCATALOG_COMPILER_GLOBAL_ACCENT_COLOR_NAME = AccentColor;
				CODE_SIGN_STYLE = Automatic;
				CURRENT_PROJECT_VERSION = 1;
				DEVELOPMENT_ASSET_PATHS = "\"AzykBox/Preview Content\"";
				DEVELOPMENT_TEAM = K8M5FXDJPU;
				ENABLE_PREVIEWS = YES;
				GENERATE_INFOPLIST_FILE = YES;
				INFOPLIST_KEY_UIApplicationSceneManifest_Generation = YES;
				INFOPLIST_KEY_UIApplicationSupportsIndirectInputEvents = YES;
				INFOPLIST_KEY_UILaunchScreen_Generation = YES;
				INFOPLIST_KEY_UISupportedInterfaceOrientations_iPad = "UIInterfaceOrientationPortrait UIInterfaceOrientationPortraitUpsideDown UIInterfaceOrientationLandscapeLeft UIInterfaceOrientationLandscapeRight";
				INFOPLIST_KEY_UISupportedInterfaceOrientations_iPhone = "UIInterfaceOrientationPortrait UIInterfaceOrientationLandscapeLeft UIInterfaceOrientationLandscapeRight";
				LD_RUNPATH_SEARCH_PATHS = (
					"$(inherited)",
					"@executable_path/Frameworks",
				);
				MARKETING_VERSION = 1.0;
				PRODUCT_BUNDLE_IDENTIFIER = pet.AzykBox;
				PRODUCT_NAME = "$(TARGET_NAME)";
				SWIFT_EMIT_LOC_STRINGS = YES;
				SWIFT_VERSION = 5.0;
				TARGETED_DEVICE_FAMILY = "1,2";
			};
			name = Release;
		};
/* End XCBuildConfiguration section */

/* Begin XCConfigurationList section */
		D0B26EBF2E36316900AA56B8 /* Build configuration list for PBXProject "AzykBox" */ = {
			isa = XCConfigurationList;
			buildConfigurations = (
				D0B26ED02E36316B00AA56B8 /* Debug */,
				D0B26ED12E36316B00AA56B8 /* Release */,
			);
			defaultConfigurationIsVisible = 0;
			defaultConfigurationName = Release;
		};
		D0B26ED22E36316B00AA56B8 /* Build configuration list for PBXNativeTarget "AzykBox" */ = {
			isa = XCConfigurationList;
			buildConfigurations = (
				D0B26ED32E36316B00AA56B8 /* Debug */,
				D0B26ED42E36316B00AA56B8 /* Release */,
			);
			defaultConfigurationIsVisible = 0;
			defaultConfigurationName = Release;
		};
/* End XCConfigurationList section */
	};
	rootObject = D0B26EBC2E36316900AA56B8 /* Project object */;
}
